
Microsoft Visual Studio Solution File, Format Version 12.00
# Visual Studio Version 17
VisualStudioVersion = 17.7.34003.232
MinimumVisualStudioVersion = 10.0.40219.1
Project("{9A19103F-16F7-4668-BE54-9A1E7A4F7556}") = "KampIntro", "KampIntro\KampIntro.csproj", "{16341994-D527-4C46-A57E-2EBC31081336}"
EndProject
Project("{9A19103F-16F7-4668-BE54-9A1E7A4F7556}") = "Donguler", "Donguler\Donguler.csproj", "{9E6F2B09-DB29-4386-B54D-B0A27FBAF039}"
EndProject
Project("{9A19103F-16F7-4668-BE54-9A1E7A4F7556}") = "ClassIntro", "ClassIntro\ClassIntro.csproj", "{EFD7E45C-78B4-406D-A4DA-D305C73629F5}"
EndProject
Project("{9A19103F-16F7-4668-BE54-9A1E7A4F7556}") = "Metotlar", "Metotlar\Metotlar.csproj", "{3DC7B859-744F-4660-A9C4-094756711B9E}"
EndProject
Project("{9A19103F-16F7-4668-BE54-9A1E7A4F7556}") = "Matematik", "Matematik\Matematik.csproj", "{BE9F1C8D-6CF7-4F1B-9B36-9D171D0FAD6F}"
EndProject
Project("{9A19103F-16F7-4668-BE54-9A1E7A4F7556}") = "DegerVeReferansTipler", "DegerVeReferansTipler\DegerVeReferansTipler.csproj", "{FBEFA0BF-F29F-4609-8639-EED8201B1E4A}"
EndProject
Project("{9A19103F-16F7-4668-BE54-9A1E7A4F7556}") = "OOP1", "OOP1\OOP1.csproj", "{53972F0F-D5C9-496A-BCCB-2EF018FC303A}"
EndProject
Project("{9A19103F-16F7-4668-BE54-9A1E7A4F7556}") = "Koleksiyonlar", "Koleksiyonlar\Koleksiyonlar.csproj", "{EABF204C-C65F-452B-BD89-86998CEADEAC}"
EndProject
Project("{FAE04EC0-301F-11D3-BF4B-00C04F79EFBC}") = "GenericsIntro", "GenericsIntro\GenericsIntro.csproj", "{C54DF6BC-960B-4F2A-92E7-3B248F2D90D4}"
EndProject
Global
	GlobalSection(SolutionConfigurationPlatforms) = preSolution
		Debug|Any CPU = Debug|Any CPU
		Release|Any CPU = Release|Any CPU
	EndGlobalSection
	GlobalSection(ProjectConfigurationPlatforms) = postSolution
		{16341994-D527-4C46-A57E-2EBC31081336}.Debug|Any CPU.ActiveCfg = Debug|Any CPU
		{16341994-D527-4C46-A57E-2EBC31081336}.Debug|Any CPU.Build.0 = Debug|Any CPU
		{16341994-D527-4C46-A57E-2EBC31081336}.Release|Any CPU.ActiveCfg = Release|Any CPU
		{16341994-D527-4C46-A57E-2EBC31081336}.Release|Any CPU.Build.0 = Release|Any CPU
		{9E6F2B09-DB29-4386-B54D-B0A27FBAF039}.Debug|Any CPU.ActiveCfg = Debug|Any CPU
		{9E6F2B09-DB29-4386-B54D-B0A27FBAF039}.Debug|Any CPU.Build.0 = Debug|Any CPU
		{9E6F2B09-DB29-4386-B54D-B0A27FBAF039}.Release|Any CPU.ActiveCfg = Release|Any CPU
		{9E6F2B09-DB29-4386-B54D-B0A27FBAF039}.Release|Any CPU.Build.0 = Release|Any CPU
		{EFD7E45C-78B4-406D-A4DA-D305C73629F5}.Debug|Any CPU.ActiveCfg = Debug|Any CPU
		{EFD7E45C-78B4-406D-A4DA-D305C73629F5}.Debug|Any CPU.Build.0 = Debug|Any CPU
		{EFD7E45C-78B4-406D-A4DA-D305C73629F5}.Release|Any CPU.ActiveCfg = Release|Any CPU
		{EFD7E45C-78B4-406D-A4DA-D305C73629F5}.Release|Any CPU.Build.0 = Release|Any CPU
		{3DC7B859-744F-4660-A9C4-094756711B9E}.Debug|Any CPU.ActiveCfg = Debug|Any CPU
		{3DC7B859-744F-4660-A9C4-094756711B9E}.Debug|Any CPU.Build.0 = Debug|Any CPU
		{3DC7B859-744F-4660-A9C4-094756711B9E}.Release|Any CPU.ActiveCfg = Release|Any CPU
		{3DC7B859-744F-4660-A9C4-094756711B9E}.Release|Any CPU.Build.0 = Release|Any CPU
		{BE9F1C8D-6CF7-4F1B-9B36-9D171D0FAD6F}.Debug|Any CPU.ActiveCfg = Debug|Any CPU
		{BE9F1C8D-6CF7-4F1B-9B36-9D171D0FAD6F}.Debug|Any CPU.Build.0 = Debug|Any CPU
		{BE9F1C8D-6CF7-4F1B-9B36-9D171D0FAD6F}.Release|Any CPU.ActiveCfg = Release|Any CPU
		{BE9F1C8D-6CF7-4F1B-9B36-9D171D0FAD6F}.Release|Any CPU.Build.0 = Release|Any CPU
		{FBEFA0BF-F29F-4609-8639-EED8201B1E4A}.Debug|Any CPU.ActiveCfg = Debug|Any CPU
		{FBEFA0BF-F29F-4609-8639-EED8201B1E4A}.Debug|Any CPU.Build.0 = Debug|Any CPU
		{FBEFA0BF-F29F-4609-8639-EED8201B1E4A}.Release|Any CPU.ActiveCfg = Release|Any CPU
		{FBEFA0BF-F29F-4609-8639-EED8201B1E4A}.Release|Any CPU.Build.0 = Release|Any CPU
		{53972F0F-D5C9-496A-BCCB-2EF018FC303A}.Debug|Any CPU.ActiveCfg = Debug|Any CPU
		{53972F0F-D5C9-496A-BCCB-2EF018FC303A}.Debug|Any CPU.Build.0 = Debug|Any CPU
		{53972F0F-D5C9-496A-BCCB-2EF018FC303A}.Release|Any CPU.ActiveCfg = Release|Any CPU
		{53972F0F-D5C9-496A-BCCB-2EF018FC303A}.Release|Any CPU.Build.0 = Release|Any CPU
		{EABF204C-C65F-452B-BD89-86998CEADEAC}.Debug|Any CPU.ActiveCfg = Debug|Any CPU
		{EABF204C-C65F-452B-BD89-86998CEADEAC}.Debug|Any CPU.Build.0 = Debug|Any CPU
		{EABF204C-C65F-452B-BD89-86998CEADEAC}.Release|Any CPU.ActiveCfg = Release|Any CPU
		{EABF204C-C65F-452B-BD89-86998CEADEAC}.Release|Any CPU.Build.0 = Release|Any CPU
		{C54DF6BC-960B-4F2A-92E7-3B248F2D90D4}.Debug|Any CPU.ActiveCfg = Debug|Any CPU
		{C54DF6BC-960B-4F2A-92E7-3B248F2D90D4}.Debug|Any CPU.Build.0 = Debug|Any CPU
		{C54DF6BC-960B-4F2A-92E7-3B248F2D90D4}.Release|Any CPU.ActiveCfg = Release|Any CPU
		{C54DF6BC-960B-4F2A-92E7-3B248F2D90D4}.Release|Any CPU.Build.0 = Release|Any CPU
	EndGlobalSection
	GlobalSection(SolutionProperties) = preSolution
		HideSolutionNode = FALSE
	EndGlobalSection
	GlobalSection(ExtensibilityGlobals) = postSolution
		SolutionGuid = {EDF201E9-AB80-401C-BC32-9B15F7D5C3D0}
	EndGlobalSection
EndGlobal
